// !$*UTF8*$!
{
	archiveVersion = 1;
	classes = {
	};
	objectVersion = 56;
	objects = {

/* Begin PBXBuildFile section */
		B6058EF02B163B0300D84AD3 /* UserDefaultsExtension.swift in Sources */ = {isa = PBXBuildFile; fileRef = B6058EEF2B163B0300D84AD3 /* UserDefaultsExtension.swift */; };
		B6058EF32B17651500D84AD3 /* ConnectTMPSDevicesView.swift in Sources */ = {isa = PBXBuildFile; fileRef = B6058EF22B17651500D84AD3 /* ConnectTMPSDevicesView.swift */; };
		B62928502B210C4A0044B011 /* TWDModel.swift in Sources */ = {isa = PBXBuildFile; fileRef = B629284F2B210C4A0044B011 /* TWDModel.swift */; };
		B63E7BE42AFD154C00ECA81B /* ColorExtensions.swift in Sources */ = {isa = PBXBuildFile; fileRef = B63E7BE32AFD154C00ECA81B /* ColorExtensions.swift */; };
		B63E7BE72AFD182100ECA81B /* MainBlueButtonStyle.swift in Sources */ = {isa = PBXBuildFile; fileRef = B63E7BE62AFD182100ECA81B /* MainBlueButtonStyle.swift */; };
		B63E7BEA2AFD1E1200ECA81B /* MainHeaderView.swift in Sources */ = {isa = PBXBuildFile; fileRef = B63E7BE92AFD1E1200ECA81B /* MainHeaderView.swift */; };
		B63E7BEC2AFD23ED00ECA81B /* UIApplicationExtensions.swift in Sources */ = {isa = PBXBuildFile; fileRef = B63E7BEB2AFD23ED00ECA81B /* UIApplicationExtensions.swift */; };
		B63E7BEF2AFD78EC00ECA81B /* NavigationManager.swift in Sources */ = {isa = PBXBuildFile; fileRef = B63E7BEE2AFD78EC00ECA81B /* NavigationManager.swift */; };
		B63E7BF12AFD79CC00ECA81B /* ViewExtensions.swift in Sources */ = {isa = PBXBuildFile; fileRef = B63E7BF02AFD79CC00ECA81B /* ViewExtensions.swift */; };
		B63E7BF42AFD79FB00ECA81B /* NavigationDestinationModifier.swift in Sources */ = {isa = PBXBuildFile; fileRef = B63E7BF32AFD79FB00ECA81B /* NavigationDestinationModifier.swift */; };
		B63E7BF62AFE5D1900ECA81B /* SecondaryHeaderView.swift in Sources */ = {isa = PBXBuildFile; fileRef = B63E7BF52AFE5D1900ECA81B /* SecondaryHeaderView.swift */; };
		B63E7BF82AFE5F1100ECA81B /* SettingsView.swift in Sources */ = {isa = PBXBuildFile; fileRef = B63E7BF72AFE5F1100ECA81B /* SettingsView.swift */; };
		B63E7BFA2AFE604500ECA81B /* TerminalView.swift in Sources */ = {isa = PBXBuildFile; fileRef = B63E7BF92AFE604500ECA81B /* TerminalView.swift */; };
		B63E7BFC2AFE606500ECA81B /* LoggedHistoryView.swift in Sources */ = {isa = PBXBuildFile; fileRef = B63E7BFB2AFE606500ECA81B /* LoggedHistoryView.swift */; };
		B63E7BFE2AFE659C00ECA81B /* TireTemperaturePlotView.swift in Sources */ = {isa = PBXBuildFile; fileRef = B63E7BFD2AFE659C00ECA81B /* TireTemperaturePlotView.swift */; };
		B63E7C012AFE67E000ECA81B /* ChartDataModel.swift in Sources */ = {isa = PBXBuildFile; fileRef = B63E7C002AFE67E000ECA81B /* ChartDataModel.swift */; };
		B63E7C032AFE86AF00ECA81B /* DefaultSignleSliderView.swift in Sources */ = {isa = PBXBuildFile; fileRef = B63E7C022AFE86AF00ECA81B /* DefaultSignleSliderView.swift */; };
		B63E7C052AFF9DD800ECA81B /* DoubleExtensions.swift in Sources */ = {isa = PBXBuildFile; fileRef = B63E7C042AFF9DD800ECA81B /* DoubleExtensions.swift */; };
		B63E7C072AFFA7B500ECA81B /* DefaultDoubleSliderView.swift in Sources */ = {isa = PBXBuildFile; fileRef = B63E7C062AFFA7B500ECA81B /* DefaultDoubleSliderView.swift */; };
		B63E7C092AFFB33400ECA81B /* NotificationSoundPickerView.swift in Sources */ = {isa = PBXBuildFile; fileRef = B63E7C082AFFB33400ECA81B /* NotificationSoundPickerView.swift */; };
		B63E7C0B2B02269F00ECA81B /* ViewModifiers.swift in Sources */ = {isa = PBXBuildFile; fileRef = B63E7C0A2B02269F00ECA81B /* ViewModifiers.swift */; };
		B63E7C0D2B02297300ECA81B /* AxiesDataModel.swift in Sources */ = {isa = PBXBuildFile; fileRef = B63E7C0C2B02297300ECA81B /* AxiesDataModel.swift */; };
		B63E7C1E2B02936400ECA81B /* MeasurementTypePickerView.swift in Sources */ = {isa = PBXBuildFile; fileRef = B63E7C1D2B02936400ECA81B /* MeasurementTypePickerView.swift */; };
		B63E7C212B0387E300ECA81B /* AlertTypeEnum.swift in Sources */ = {isa = PBXBuildFile; fileRef = B63E7C202B0387E300ECA81B /* AlertTypeEnum.swift */; };
		B63E7C232B0389CE00ECA81B /* WelcomeView.swift in Sources */ = {isa = PBXBuildFile; fileRef = B63E7C222B0389CE00ECA81B /* WelcomeView.swift */; };
		B63E7C252B038D5400ECA81B /* AllowPermissionsView.swift in Sources */ = {isa = PBXBuildFile; fileRef = B63E7C242B038D5400ECA81B /* AllowPermissionsView.swift */; };
		B63E7C272B038E2400ECA81B /* MainGreenButtonStyle.swift in Sources */ = {isa = PBXBuildFile; fileRef = B63E7C262B038E2400ECA81B /* MainGreenButtonStyle.swift */; };
		B63E7C292B039F2A00ECA81B /* LocationManager.swift in Sources */ = {isa = PBXBuildFile; fileRef = B63E7C282B039F2A00ECA81B /* LocationManager.swift */; };
		B63E7C2B2B03A37700ECA81B /* RootView.swift in Sources */ = {isa = PBXBuildFile; fileRef = B63E7C2A2B03A37700ECA81B /* RootView.swift */; };
		B63E7C2D2B03B98F00ECA81B /* BluetoothManager.swift in Sources */ = {isa = PBXBuildFile; fileRef = B63E7C2C2B03B98F00ECA81B /* BluetoothManager.swift */; };
		B66F4B1D2B2799DA0001E143 /* TPMSModel.swift in Sources */ = {isa = PBXBuildFile; fileRef = B66F4B1C2B2799DA0001E143 /* TPMSModel.swift */; };
		B671C0572B0F9A940034DE77 /* DataManager.swift in Sources */ = {isa = PBXBuildFile; fileRef = B671C0562B0F9A940034DE77 /* DataManager.swift */; };
		B68CE6A92AFBD5EB0047E644 /* TrailerWatchDogApp.swift in Sources */ = {isa = PBXBuildFile; fileRef = B68CE6A82AFBD5EB0047E644 /* TrailerWatchDogApp.swift */; };
		B68CE6AB2AFBD5EB0047E644 /* MainScreenView.swift in Sources */ = {isa = PBXBuildFile; fileRef = B68CE6AA2AFBD5EB0047E644 /* MainScreenView.swift */; };
		B68CE6AD2AFBD5ED0047E644 /* Assets.xcassets in Resources */ = {isa = PBXBuildFile; fileRef = B68CE6AC2AFBD5ED0047E644 /* Assets.xcassets */; };
		B68CE6B02AFBD5ED0047E644 /* Preview Assets.xcassets in Resources */ = {isa = PBXBuildFile; fileRef = B68CE6AF2AFBD5ED0047E644 /* Preview Assets.xcassets */; };
		B68CE6BE2AFD0A040047E644 /* MainViewModel.swift in Sources */ = {isa = PBXBuildFile; fileRef = B68CE6BD2AFD0A040047E644 /* MainViewModel.swift */; };
		B68CE6C72AFD0C2A0047E644 /* Roboto-Black.ttf in Resources */ = {isa = PBXBuildFile; fileRef = B68CE6C12AFD0C290047E644 /* Roboto-Black.ttf */; };
		B68CE6C82AFD0C2A0047E644 /* Roboto-Medium.ttf in Resources */ = {isa = PBXBuildFile; fileRef = B68CE6C22AFD0C290047E644 /* Roboto-Medium.ttf */; };
		B68CE6C92AFD0C2A0047E644 /* Roboto-Regular.ttf in Resources */ = {isa = PBXBuildFile; fileRef = B68CE6C32AFD0C290047E644 /* Roboto-Regular.ttf */; };
		B68CE6CA2AFD0C2A0047E644 /* Roboto-Thin.ttf in Resources */ = {isa = PBXBuildFile; fileRef = B68CE6C42AFD0C290047E644 /* Roboto-Thin.ttf */; };
		B68CE6CB2AFD0C2A0047E644 /* Roboto-Bold.ttf in Resources */ = {isa = PBXBuildFile; fileRef = B68CE6C52AFD0C2A0047E644 /* Roboto-Bold.ttf */; };
		B68CE6CC2AFD0C2A0047E644 /* Roboto-Light.ttf in Resources */ = {isa = PBXBuildFile; fileRef = B68CE6C62AFD0C2A0047E644 /* Roboto-Light.ttf */; };
		B68CE6D02AFD0DCC0047E644 /* CustomFonts.swift in Sources */ = {isa = PBXBuildFile; fileRef = B68CE6CF2AFD0DCC0047E644 /* CustomFonts.swift */; };
		B6C862A12B14F73400698ADC /* TireDataModel.swift in Sources */ = {isa = PBXBuildFile; fileRef = B6C862A02B14F73400698ADC /* TireDataModel.swift */; };
		B6DB0B292B06418100DEF890 /* TerminalLogModel.swift in Sources */ = {isa = PBXBuildFile; fileRef = B6DB0B282B06418100DEF890 /* TerminalLogModel.swift */; };
		B6DB0B2B2B06452A00DEF890 /* DateExtensions.swift in Sources */ = {isa = PBXBuildFile; fileRef = B6DB0B2A2B06452A00DEF890 /* DateExtensions.swift */; };
		B6DB0B2D2B065C9F00DEF890 /* FileRepository.swift in Sources */ = {isa = PBXBuildFile; fileRef = B6DB0B2C2B065C9F00DEF890 /* FileRepository.swift */; };
		B6DB0B2F2B07926C00DEF890 /* HistoryFileModel.swift in Sources */ = {isa = PBXBuildFile; fileRef = B6DB0B2E2B07926C00DEF890 /* HistoryFileModel.swift */; };
		B6DB0B312B079E4700DEF890 /* FolderDetailsView.swift in Sources */ = {isa = PBXBuildFile; fileRef = B6DB0B302B079E4700DEF890 /* FolderDetailsView.swift */; };
		B6DB0B332B07AB0800DEF890 /* LogFileDetailsView.swift in Sources */ = {isa = PBXBuildFile; fileRef = B6DB0B322B07AB0800DEF890 /* LogFileDetailsView.swift */; };
/* End PBXBuildFile section */

/* Begin PBXFileReference section */
		B6058EEF2B163B0300D84AD3 /* UserDefaultsExtension.swift */ = {isa = PBXFileReference; lastKnownFileType = sourcecode.swift; path = UserDefaultsExtension.swift; sourceTree = "<group>"; };
		B6058EF22B17651500D84AD3 /* ConnectTMPSDevicesView.swift */ = {isa = PBXFileReference; lastKnownFileType = sourcecode.swift; path = ConnectTMPSDevicesView.swift; sourceTree = "<group>"; };
		B629284F2B210C4A0044B011 /* TWDModel.swift */ = {isa = PBXFileReference; lastKnownFileType = sourcecode.swift; path = TWDModel.swift; sourceTree = "<group>"; };
		B63E7BE32AFD154C00ECA81B /* ColorExtensions.swift */ = {isa = PBXFileReference; lastKnownFileType = sourcecode.swift; path = ColorExtensions.swift; sourceTree = "<group>"; };
		B63E7BE62AFD182100ECA81B /* MainBlueButtonStyle.swift */ = {isa = PBXFileReference; lastKnownFileType = sourcecode.swift; path = MainBlueButtonStyle.swift; sourceTree = "<group>"; };
		B63E7BE92AFD1E1200ECA81B /* MainHeaderView.swift */ = {isa = PBXFileReference; lastKnownFileType = sourcecode.swift; path = MainHeaderView.swift; sourceTree = "<group>"; };
		B63E7BEB2AFD23ED00ECA81B /* UIApplicationExtensions.swift */ = {isa = PBXFileReference; lastKnownFileType = sourcecode.swift; path = UIApplicationExtensions.swift; sourceTree = "<group>"; };
		B63E7BEE2AFD78EC00ECA81B /* NavigationManager.swift */ = {isa = PBXFileReference; lastKnownFileType = sourcecode.swift; path = NavigationManager.swift; sourceTree = "<group>"; };
		B63E7BF02AFD79CC00ECA81B /* ViewExtensions.swift */ = {isa = PBXFileReference; lastKnownFileType = sourcecode.swift; path = ViewExtensions.swift; sourceTree = "<group>"; };
		B63E7BF32AFD79FB00ECA81B /* NavigationDestinationModifier.swift */ = {isa = PBXFileReference; lastKnownFileType = sourcecode.swift; path = NavigationDestinationModifier.swift; sourceTree = "<group>"; };
		B63E7BF52AFE5D1900ECA81B /* SecondaryHeaderView.swift */ = {isa = PBXFileReference; lastKnownFileType = sourcecode.swift; path = SecondaryHeaderView.swift; sourceTree = "<group>"; };
		B63E7BF72AFE5F1100ECA81B /* SettingsView.swift */ = {isa = PBXFileReference; lastKnownFileType = sourcecode.swift; path = SettingsView.swift; sourceTree = "<group>"; };
		B63E7BF92AFE604500ECA81B /* TerminalView.swift */ = {isa = PBXFileReference; lastKnownFileType = sourcecode.swift; path = TerminalView.swift; sourceTree = "<group>"; };
		B63E7BFB2AFE606500ECA81B /* LoggedHistoryView.swift */ = {isa = PBXFileReference; lastKnownFileType = sourcecode.swift; path = LoggedHistoryView.swift; sourceTree = "<group>"; };
		B63E7BFD2AFE659C00ECA81B /* TireTemperaturePlotView.swift */ = {isa = PBXFileReference; lastKnownFileType = sourcecode.swift; path = TireTemperaturePlotView.swift; sourceTree = "<group>"; };
		B63E7C002AFE67E000ECA81B /* ChartDataModel.swift */ = {isa = PBXFileReference; lastKnownFileType = sourcecode.swift; path = ChartDataModel.swift; sourceTree = "<group>"; };
		B63E7C022AFE86AF00ECA81B /* DefaultSignleSliderView.swift */ = {isa = PBXFileReference; lastKnownFileType = sourcecode.swift; path = DefaultSignleSliderView.swift; sourceTree = "<group>"; };
		B63E7C042AFF9DD800ECA81B /* DoubleExtensions.swift */ = {isa = PBXFileReference; lastKnownFileType = sourcecode.swift; path = DoubleExtensions.swift; sourceTree = "<group>"; };
		B63E7C062AFFA7B500ECA81B /* DefaultDoubleSliderView.swift */ = {isa = PBXFileReference; lastKnownFileType = sourcecode.swift; path = DefaultDoubleSliderView.swift; sourceTree = "<group>"; };
		B63E7C082AFFB33400ECA81B /* NotificationSoundPickerView.swift */ = {isa = PBXFileReference; lastKnownFileType = sourcecode.swift; path = NotificationSoundPickerView.swift; sourceTree = "<group>"; };
		B63E7C0A2B02269F00ECA81B /* ViewModifiers.swift */ = {isa = PBXFileReference; lastKnownFileType = sourcecode.swift; path = ViewModifiers.swift; sourceTree = "<group>"; };
		B63E7C0C2B02297300ECA81B /* AxiesDataModel.swift */ = {isa = PBXFileReference; lastKnownFileType = sourcecode.swift; path = AxiesDataModel.swift; sourceTree = "<group>"; };
		B63E7C1D2B02936400ECA81B /* MeasurementTypePickerView.swift */ = {isa = PBXFileReference; lastKnownFileType = sourcecode.swift; path = MeasurementTypePickerView.swift; sourceTree = "<group>"; };
		B63E7C202B0387E300ECA81B /* AlertTypeEnum.swift */ = {isa = PBXFileReference; lastKnownFileType = sourcecode.swift; path = AlertTypeEnum.swift; sourceTree = "<group>"; };
		B63E7C222B0389CE00ECA81B /* WelcomeView.swift */ = {isa = PBXFileReference; lastKnownFileType = sourcecode.swift; path = WelcomeView.swift; sourceTree = "<group>"; };
		B63E7C242B038D5400ECA81B /* AllowPermissionsView.swift */ = {isa = PBXFileReference; lastKnownFileType = sourcecode.swift; path = AllowPermissionsView.swift; sourceTree = "<group>"; };
		B63E7C262B038E2400ECA81B /* MainGreenButtonStyle.swift */ = {isa = PBXFileReference; lastKnownFileType = sourcecode.swift; path = MainGreenButtonStyle.swift; sourceTree = "<group>"; };
		B63E7C282B039F2A00ECA81B /* LocationManager.swift */ = {isa = PBXFileReference; lastKnownFileType = sourcecode.swift; path = LocationManager.swift; sourceTree = "<group>"; };
		B63E7C2A2B03A37700ECA81B /* RootView.swift */ = {isa = PBXFileReference; lastKnownFileType = sourcecode.swift; path = RootView.swift; sourceTree = "<group>"; };
		B63E7C2C2B03B98F00ECA81B /* BluetoothManager.swift */ = {isa = PBXFileReference; lastKnownFileType = sourcecode.swift; path = BluetoothManager.swift; sourceTree = "<group>"; };
		B66F4B1C2B2799DA0001E143 /* TPMSModel.swift */ = {isa = PBXFileReference; lastKnownFileType = sourcecode.swift; path = TPMSModel.swift; sourceTree = "<group>"; };
		B671C0562B0F9A940034DE77 /* DataManager.swift */ = {isa = PBXFileReference; lastKnownFileType = sourcecode.swift; path = DataManager.swift; sourceTree = "<group>"; };
		B68CE6A52AFBD5EB0047E644 /* TrailerWatchDog.app */ = {isa = PBXFileReference; explicitFileType = wrapper.application; includeInIndex = 0; path = TrailerWatchDog.app; sourceTree = BUILT_PRODUCTS_DIR; };
		B68CE6A82AFBD5EB0047E644 /* TrailerWatchDogApp.swift */ = {isa = PBXFileReference; lastKnownFileType = sourcecode.swift; path = TrailerWatchDogApp.swift; sourceTree = "<group>"; };
		B68CE6AA2AFBD5EB0047E644 /* MainScreenView.swift */ = {isa = PBXFileReference; lastKnownFileType = sourcecode.swift; path = MainScreenView.swift; sourceTree = "<group>"; };
		B68CE6AC2AFBD5ED0047E644 /* Assets.xcassets */ = {isa = PBXFileReference; lastKnownFileType = folder.assetcatalog; path = Assets.xcassets; sourceTree = "<group>"; };
		B68CE6AF2AFBD5ED0047E644 /* Preview Assets.xcassets */ = {isa = PBXFileReference; lastKnownFileType = folder.assetcatalog; path = "Preview Assets.xcassets"; sourceTree = "<group>"; };
		B68CE6BD2AFD0A040047E644 /* MainViewModel.swift */ = {isa = PBXFileReference; lastKnownFileType = sourcecode.swift; path = MainViewModel.swift; sourceTree = "<group>"; };
		B68CE6C12AFD0C290047E644 /* Roboto-Black.ttf */ = {isa = PBXFileReference; lastKnownFileType = file; path = "Roboto-Black.ttf"; sourceTree = "<group>"; };
		B68CE6C22AFD0C290047E644 /* Roboto-Medium.ttf */ = {isa = PBXFileReference; lastKnownFileType = file; path = "Roboto-Medium.ttf"; sourceTree = "<group>"; };
		B68CE6C32AFD0C290047E644 /* Roboto-Regular.ttf */ = {isa = PBXFileReference; lastKnownFileType = file; path = "Roboto-Regular.ttf"; sourceTree = "<group>"; };
		B68CE6C42AFD0C290047E644 /* Roboto-Thin.ttf */ = {isa = PBXFileReference; lastKnownFileType = file; path = "Roboto-Thin.ttf"; sourceTree = "<group>"; };
		B68CE6C52AFD0C2A0047E644 /* Roboto-Bold.ttf */ = {isa = PBXFileReference; lastKnownFileType = file; path = "Roboto-Bold.ttf"; sourceTree = "<group>"; };
		B68CE6C62AFD0C2A0047E644 /* Roboto-Light.ttf */ = {isa = PBXFileReference; lastKnownFileType = file; path = "Roboto-Light.ttf"; sourceTree = "<group>"; };
		B68CE6CD2AFD0D180047E644 /* Info.plist */ = {isa = PBXFileReference; lastKnownFileType = text.plist; path = Info.plist; sourceTree = "<group>"; };
		B68CE6CF2AFD0DCC0047E644 /* CustomFonts.swift */ = {isa = PBXFileReference; lastKnownFileType = sourcecode.swift; path = CustomFonts.swift; sourceTree = "<group>"; };
		B6C862A02B14F73400698ADC /* TireDataModel.swift */ = {isa = PBXFileReference; lastKnownFileType = sourcecode.swift; path = TireDataModel.swift; sourceTree = "<group>"; };
		B6DB0B282B06418100DEF890 /* TerminalLogModel.swift */ = {isa = PBXFileReference; lastKnownFileType = sourcecode.swift; path = TerminalLogModel.swift; sourceTree = "<group>"; };
		B6DB0B2A2B06452A00DEF890 /* DateExtensions.swift */ = {isa = PBXFileReference; lastKnownFileType = sourcecode.swift; path = DateExtensions.swift; sourceTree = "<group>"; };
		B6DB0B2C2B065C9F00DEF890 /* FileRepository.swift */ = {isa = PBXFileReference; lastKnownFileType = sourcecode.swift; path = FileRepository.swift; sourceTree = "<group>"; };
		B6DB0B2E2B07926C00DEF890 /* HistoryFileModel.swift */ = {isa = PBXFileReference; lastKnownFileType = sourcecode.swift; path = HistoryFileModel.swift; sourceTree = "<group>"; };
		B6DB0B302B079E4700DEF890 /* FolderDetailsView.swift */ = {isa = PBXFileReference; lastKnownFileType = sourcecode.swift; path = FolderDetailsView.swift; sourceTree = "<group>"; };
		B6DB0B322B07AB0800DEF890 /* LogFileDetailsView.swift */ = {isa = PBXFileReference; lastKnownFileType = sourcecode.swift; path = LogFileDetailsView.swift; sourceTree = "<group>"; };
/* End PBXFileReference section */

/* Begin PBXFrameworksBuildPhase section */
		B68CE6A22AFBD5EB0047E644 /* Frameworks */ = {
			isa = PBXFrameworksBuildPhase;
			buildActionMask = 2147483647;
			files = (
			);
			runOnlyForDeploymentPostprocessing = 0;
		};
/* End PBXFrameworksBuildPhase section */

/* Begin PBXGroup section */
		B6058EF12B1764DF00D84AD3 /* AlertViews */ = {
			isa = PBXGroup;
			children = (
				B6058EF22B17651500D84AD3 /* ConnectTMPSDevicesView.swift */,
			);
			path = AlertViews;
			sourceTree = "<group>";
		};
		B63E7BE22AFD153800ECA81B /* Extensions */ = {
			isa = PBXGroup;
			children = (
				B63E7BE32AFD154C00ECA81B /* ColorExtensions.swift */,
				B63E7BEB2AFD23ED00ECA81B /* UIApplicationExtensions.swift */,
				B63E7BF02AFD79CC00ECA81B /* ViewExtensions.swift */,
				B63E7C042AFF9DD800ECA81B /* DoubleExtensions.swift */,
				B6DB0B2A2B06452A00DEF890 /* DateExtensions.swift */,
				B6058EEF2B163B0300D84AD3 /* UserDefaultsExtension.swift */,
			);
			path = Extensions;
			sourceTree = "<group>";
		};
		B63E7BE52AFD181200ECA81B /* Styles */ = {
			isa = PBXGroup;
			children = (
				B63E7BE62AFD182100ECA81B /* MainBlueButtonStyle.swift */,
				B63E7C262B038E2400ECA81B /* MainGreenButtonStyle.swift */,
			);
			path = Styles;
			sourceTree = "<group>";
		};
		B63E7BE82AFD1E0500ECA81B /* Views */ = {
			isa = PBXGroup;
			children = (
				B6058EF12B1764DF00D84AD3 /* AlertViews */,
				B63E7BE92AFD1E1200ECA81B /* MainHeaderView.swift */,
				B63E7BF52AFE5D1900ECA81B /* SecondaryHeaderView.swift */,
				B63E7BFD2AFE659C00ECA81B /* TireTemperaturePlotView.swift */,
				B63E7C022AFE86AF00ECA81B /* DefaultSignleSliderView.swift */,
				B63E7C062AFFA7B500ECA81B /* DefaultDoubleSliderView.swift */,
				B63E7C082AFFB33400ECA81B /* NotificationSoundPickerView.swift */,
				B63E7C1D2B02936400ECA81B /* MeasurementTypePickerView.swift */,
			);
			path = Views;
			sourceTree = "<group>";
		};
		B63E7BED2AFD78DD00ECA81B /* Managers */ = {
			isa = PBXGroup;
			children = (
				B63E7C282B039F2A00ECA81B /* LocationManager.swift */,
				B63E7C2C2B03B98F00ECA81B /* BluetoothManager.swift */,
				B63E7BEE2AFD78EC00ECA81B /* NavigationManager.swift */,
				B6DB0B2C2B065C9F00DEF890 /* FileRepository.swift */,
				B671C0562B0F9A940034DE77 /* DataManager.swift */,
			);
			path = Managers;
			sourceTree = "<group>";
		};
		B63E7BF22AFD79E400ECA81B /* Helpers */ = {
			isa = PBXGroup;
			children = (
				B63E7BF32AFD79FB00ECA81B /* NavigationDestinationModifier.swift */,
				B63E7C0A2B02269F00ECA81B /* ViewModifiers.swift */,
			);
			path = Helpers;
			sourceTree = "<group>";
		};
		B63E7BFF2AFE67CE00ECA81B /* Models */ = {
			isa = PBXGroup;
			children = (
				B63E7C002AFE67E000ECA81B /* ChartDataModel.swift */,
				B6DB0B282B06418100DEF890 /* TerminalLogModel.swift */,
				B6DB0B2E2B07926C00DEF890 /* HistoryFileModel.swift */,
				B63E7C0C2B02297300ECA81B /* AxiesDataModel.swift */,
				B6C862A02B14F73400698ADC /* TireDataModel.swift */,
				B629284F2B210C4A0044B011 /* TWDModel.swift */,
				B66F4B1C2B2799DA0001E143 /* TPMSModel.swift */,
			);
			path = Models;
			sourceTree = "<group>";
		};
		B63E7C1F2B0387D200ECA81B /* Enums */ = {
			isa = PBXGroup;
			children = (
				B63E7C202B0387E300ECA81B /* AlertTypeEnum.swift */,
			);
			path = Enums;
			sourceTree = "<group>";
		};
		B68CE69C2AFBD5EB0047E644 = {
			isa = PBXGroup;
			children = (
				B68CE6A72AFBD5EB0047E644 /* TrailerWatchDog */,
				B68CE6A62AFBD5EB0047E644 /* Products */,
			);
			sourceTree = "<group>";
		};
		B68CE6A62AFBD5EB0047E644 /* Products */ = {
			isa = PBXGroup;
			children = (
				B68CE6A52AFBD5EB0047E644 /* TrailerWatchDog.app */,
			);
			name = Products;
			sourceTree = "<group>";
		};
		B68CE6A72AFBD5EB0047E644 /* TrailerWatchDog */ = {
			isa = PBXGroup;
			children = (
				B68CE6CD2AFD0D180047E644 /* Info.plist */,
				B68CE6A82AFBD5EB0047E644 /* TrailerWatchDogApp.swift */,
				B63E7C2A2B03A37700ECA81B /* RootView.swift */,
				B63E7C1F2B0387D200ECA81B /* Enums */,
				B63E7BF22AFD79E400ECA81B /* Helpers */,
				B63E7BED2AFD78DD00ECA81B /* Managers */,
				B63E7BE22AFD153800ECA81B /* Extensions */,
				B68CE6BF2AFD0BF10047E644 /* Common */,
				B63E7BFF2AFE67CE00ECA81B /* Models */,
				B68CE6BC2AFD09F20047E644 /* ViewModels */,
				B68CE6BB2AFD09DE0047E644 /* Views */,
				B68CE6AC2AFBD5ED0047E644 /* Assets.xcassets */,
				B68CE6AE2AFBD5ED0047E644 /* Preview Content */,
			);
			path = TrailerWatchDog;
			sourceTree = "<group>";
		};
		B68CE6AE2AFBD5ED0047E644 /* Preview Content */ = {
			isa = PBXGroup;
			children = (
				B68CE6AF2AFBD5ED0047E644 /* Preview Assets.xcassets */,
			);
			path = "Preview Content";
			sourceTree = "<group>";
		};
		B68CE6BB2AFD09DE0047E644 /* Views */ = {
			isa = PBXGroup;
			children = (
				B63E7C222B0389CE00ECA81B /* WelcomeView.swift */,
				B63E7C242B038D5400ECA81B /* AllowPermissionsView.swift */,
				B68CE6AA2AFBD5EB0047E644 /* MainScreenView.swift */,
				B63E7BF72AFE5F1100ECA81B /* SettingsView.swift */,
				B63E7BF92AFE604500ECA81B /* TerminalView.swift */,
				B63E7BFB2AFE606500ECA81B /* LoggedHistoryView.swift */,
				B6DB0B302B079E4700DEF890 /* FolderDetailsView.swift */,
				B6DB0B322B07AB0800DEF890 /* LogFileDetailsView.swift */,
			);
			path = Views;
			sourceTree = "<group>";
		};
		B68CE6BC2AFD09F20047E644 /* ViewModels */ = {
			isa = PBXGroup;
			children = (
				B68CE6BD2AFD0A040047E644 /* MainViewModel.swift */,
			);
			path = ViewModels;
			sourceTree = "<group>";
		};
		B68CE6BF2AFD0BF10047E644 /* Common */ = {
			isa = PBXGroup;
			children = (
				B63E7BE82AFD1E0500ECA81B /* Views */,
				B63E7BE52AFD181200ECA81B /* Styles */,
				B68CE6C02AFD0C030047E644 /* Fonts */,
			);
			path = Common;
			sourceTree = "<group>";
		};
		B68CE6C02AFD0C030047E644 /* Fonts */ = {
			isa = PBXGroup;
			children = (
				B68CE6CE2AFD0DB30047E644 /* Roboto */,
				B68CE6CF2AFD0DCC0047E644 /* CustomFonts.swift */,
			);
			path = Fonts;
			sourceTree = "<group>";
		};
		B68CE6CE2AFD0DB30047E644 /* Roboto */ = {
			isa = PBXGroup;
			children = (
				B68CE6C12AFD0C290047E644 /* Roboto-Black.ttf */,
				B68CE6C52AFD0C2A0047E644 /* Roboto-Bold.ttf */,
				B68CE6C62AFD0C2A0047E644 /* Roboto-Light.ttf */,
				B68CE6C22AFD0C290047E644 /* Roboto-Medium.ttf */,
				B68CE6C32AFD0C290047E644 /* Roboto-Regular.ttf */,
				B68CE6C42AFD0C290047E644 /* Roboto-Thin.ttf */,
			);
			path = Roboto;
			sourceTree = "<group>";
		};
/* End PBXGroup section */

/* Begin PBXNativeTarget section */
		B68CE6A42AFBD5EB0047E644 /* TrailerWatchDog */ = {
			isa = PBXNativeTarget;
			buildConfigurationList = B68CE6B32AFBD5ED0047E644 /* Build configuration list for PBXNativeTarget "TrailerWatchDog" */;
			buildPhases = (
				B68CE6A12AFBD5EB0047E644 /* Sources */,
				B68CE6A22AFBD5EB0047E644 /* Frameworks */,
				B68CE6A32AFBD5EB0047E644 /* Resources */,
			);
			buildRules = (
			);
			dependencies = (
			);
			name = TrailerWatchDog;
			packageProductDependencies = (
			);
			productName = TrailerWatchDog;
			productReference = B68CE6A52AFBD5EB0047E644 /* TrailerWatchDog.app */;
			productType = "com.apple.product-type.application";
		};
/* End PBXNativeTarget section */

/* Begin PBXProject section */
		B68CE69D2AFBD5EB0047E644 /* Project object */ = {
			isa = PBXProject;
			attributes = {
				BuildIndependentTargetsInParallel = 1;
				LastSwiftUpdateCheck = 1500;
				LastUpgradeCheck = 1500;
				TargetAttributes = {
					B68CE6A42AFBD5EB0047E644 = {
						CreatedOnToolsVersion = 15.0.1;
					};
				};
			};
			buildConfigurationList = B68CE6A02AFBD5EB0047E644 /* Build configuration list for PBXProject "TrailerWatchDog" */;
			compatibilityVersion = "Xcode 14.0";
			developmentRegion = en;
			hasScannedForEncodings = 0;
			knownRegions = (
				en,
				Base,
			);
			mainGroup = B68CE69C2AFBD5EB0047E644;
			packageReferences = (
			);
			productRefGroup = B68CE6A62AFBD5EB0047E644 /* Products */;
			projectDirPath = "";
			projectRoot = "";
			targets = (
				B68CE6A42AFBD5EB0047E644 /* TrailerWatchDog */,
			);
		};
/* End PBXProject section */

/* Begin PBXResourcesBuildPhase section */
		B68CE6A32AFBD5EB0047E644 /* Resources */ = {
			isa = PBXResourcesBuildPhase;
			buildActionMask = 2147483647;
			files = (
				B68CE6CB2AFD0C2A0047E644 /* Roboto-Bold.ttf in Resources */,
				B68CE6C82AFD0C2A0047E644 /* Roboto-Medium.ttf in Resources */,
				B68CE6B02AFBD5ED0047E644 /* Preview Assets.xcassets in Resources */,
				B68CE6CA2AFD0C2A0047E644 /* Roboto-Thin.ttf in Resources */,
				B68CE6C92AFD0C2A0047E644 /* Roboto-Regular.ttf in Resources */,
				B68CE6AD2AFBD5ED0047E644 /* Assets.xcassets in Resources */,
				B68CE6CC2AFD0C2A0047E644 /* Roboto-Light.ttf in Resources */,
				B68CE6C72AFD0C2A0047E644 /* Roboto-Black.ttf in Resources */,
			);
			runOnlyForDeploymentPostprocessing = 0;
		};
/* End PBXResourcesBuildPhase section */

/* Begin PBXSourcesBuildPhase section */
		B68CE6A12AFBD5EB0047E644 /* Sources */ = {
			isa = PBXSourcesBuildPhase;
			buildActionMask = 2147483647;
			files = (
				B6DB0B292B06418100DEF890 /* TerminalLogModel.swift in Sources */,
				B63E7BFA2AFE604500ECA81B /* TerminalView.swift in Sources */,
				B68CE6AB2AFBD5EB0047E644 /* MainScreenView.swift in Sources */,
				B6DB0B2F2B07926C00DEF890 /* HistoryFileModel.swift in Sources */,
				B63E7C0D2B02297300ECA81B /* AxiesDataModel.swift in Sources */,
				B6058EF32B17651500D84AD3 /* ConnectTMPSDevicesView.swift in Sources */,
				B6C862A12B14F73400698ADC /* TireDataModel.swift in Sources */,
				B63E7C1E2B02936400ECA81B /* MeasurementTypePickerView.swift in Sources */,
				B6DB0B2B2B06452A00DEF890 /* DateExtensions.swift in Sources */,
				B66F4B1D2B2799DA0001E143 /* TPMSModel.swift in Sources */,
				B68CE6D02AFD0DCC0047E644 /* CustomFonts.swift in Sources */,
				B63E7BEF2AFD78EC00ECA81B /* NavigationManager.swift in Sources */,
				B63E7C212B0387E300ECA81B /* AlertTypeEnum.swift in Sources */,
				B63E7C232B0389CE00ECA81B /* WelcomeView.swift in Sources */,
				B6DB0B312B079E4700DEF890 /* FolderDetailsView.swift in Sources */,
				B63E7C012AFE67E000ECA81B /* ChartDataModel.swift in Sources */,
				B63E7C092AFFB33400ECA81B /* NotificationSoundPickerView.swift in Sources */,
				B63E7BFE2AFE659C00ECA81B /* TireTemperaturePlotView.swift in Sources */,
				B63E7C252B038D5400ECA81B /* AllowPermissionsView.swift in Sources */,
				B63E7BEC2AFD23ED00ECA81B /* UIApplicationExtensions.swift in Sources */,
				B63E7C292B039F2A00ECA81B /* LocationManager.swift in Sources */,
				B63E7C2B2B03A37700ECA81B /* RootView.swift in Sources */,
				B63E7C052AFF9DD800ECA81B /* DoubleExtensions.swift in Sources */,
				B63E7C0B2B02269F00ECA81B /* ViewModifiers.swift in Sources */,
				B63E7BF62AFE5D1900ECA81B /* SecondaryHeaderView.swift in Sources */,
				B63E7C272B038E2400ECA81B /* MainGreenButtonStyle.swift in Sources */,
				B63E7BEA2AFD1E1200ECA81B /* MainHeaderView.swift in Sources */,
				B63E7BE72AFD182100ECA81B /* MainBlueButtonStyle.swift in Sources */,
				B6DB0B2D2B065C9F00DEF890 /* FileRepository.swift in Sources */,
				B68CE6A92AFBD5EB0047E644 /* TrailerWatchDogApp.swift in Sources */,
				B68CE6BE2AFD0A040047E644 /* MainViewModel.swift in Sources */,
				B63E7BF12AFD79CC00ECA81B /* ViewExtensions.swift in Sources */,
				B63E7C032AFE86AF00ECA81B /* DefaultSignleSliderView.swift in Sources */,
				B63E7C2D2B03B98F00ECA81B /* BluetoothManager.swift in Sources */,
				B6DB0B332B07AB0800DEF890 /* LogFileDetailsView.swift in Sources */,
				B63E7BF42AFD79FB00ECA81B /* NavigationDestinationModifier.swift in Sources */,
				B62928502B210C4A0044B011 /* TWDModel.swift in Sources */,
				B671C0572B0F9A940034DE77 /* DataManager.swift in Sources */,
				B63E7BE42AFD154C00ECA81B /* ColorExtensions.swift in Sources */,
				B63E7BF82AFE5F1100ECA81B /* SettingsView.swift in Sources */,
				B63E7C072AFFA7B500ECA81B /* DefaultDoubleSliderView.swift in Sources */,
				B6058EF02B163B0300D84AD3 /* UserDefaultsExtension.swift in Sources */,
				B63E7BFC2AFE606500ECA81B /* LoggedHistoryView.swift in Sources */,
			);
			runOnlyForDeploymentPostprocessing = 0;
		};
/* End PBXSourcesBuildPhase section */

/* Begin XCBuildConfiguration section */
		B68CE6B12AFBD5ED0047E644 /* Debug */ = {
			isa = XCBuildConfiguration;
			buildSettings = {
				ALWAYS_SEARCH_USER_PATHS = NO;
				ASSETCATALOG_COMPILER_GENERATE_SWIFT_ASSET_SYMBOL_EXTENSIONS = YES;
				CLANG_ANALYZER_NONNULL = YES;
				CLANG_ANALYZER_NUMBER_OBJECT_CONVERSION = YES_AGGRESSIVE;
				CLANG_CXX_LANGUAGE_STANDARD = "gnu++20";
				CLANG_ENABLE_MODULES = YES;
				CLANG_ENABLE_OBJC_ARC = YES;
				CLANG_ENABLE_OBJC_WEAK = YES;
				CLANG_WARN_BLOCK_CAPTURE_AUTORELEASING = YES;
				CLANG_WARN_BOOL_CONVERSION = YES;
				CLANG_WARN_COMMA = YES;
				CLANG_WARN_CONSTANT_CONVERSION = YES;
				CLANG_WARN_DEPRECATED_OBJC_IMPLEMENTATIONS = YES;
				CLANG_WARN_DIRECT_OBJC_ISA_USAGE = YES_ERROR;
				CLANG_WARN_DOCUMENTATION_COMMENTS = YES;
				CLANG_WARN_EMPTY_BODY = YES;
				CLANG_WARN_ENUM_CONVERSION = YES;
				CLANG_WARN_INFINITE_RECURSION = YES;
				CLANG_WARN_INT_CONVERSION = YES;
				CLANG_WARN_NON_LITERAL_NULL_CONVERSION = YES;
				CLANG_WARN_OBJC_IMPLICIT_RETAIN_SELF = YES;
				CLANG_WARN_OBJC_LITERAL_CONVERSION = YES;
				CLANG_WARN_OBJC_ROOT_CLASS = YES_ERROR;
				CLANG_WARN_QUOTED_INCLUDE_IN_FRAMEWORK_HEADER = YES;
				CLANG_WARN_RANGE_LOOP_ANALYSIS = YES;
				CLANG_WARN_STRICT_PROTOTYPES = YES;
				CLANG_WARN_SUSPICIOUS_MOVE = YES;
				CLANG_WARN_UNGUARDED_AVAILABILITY = YES_AGGRESSIVE;
				CLANG_WARN_UNREACHABLE_CODE = YES;
				CLANG_WARN__DUPLICATE_METHOD_MATCH = YES;
				COPY_PHASE_STRIP = NO;
				DEBUG_INFORMATION_FORMAT = dwarf;
				ENABLE_STRICT_OBJC_MSGSEND = YES;
				ENABLE_TESTABILITY = YES;
				ENABLE_USER_SCRIPT_SANDBOXING = YES;
				GCC_C_LANGUAGE_STANDARD = gnu17;
				GCC_DYNAMIC_NO_PIC = NO;
				GCC_NO_COMMON_BLOCKS = YES;
				GCC_OPTIMIZATION_LEVEL = 0;
				GCC_PREPROCESSOR_DEFINITIONS = (
					"DEBUG=1",
					"$(inherited)",
				);
				GCC_WARN_64_TO_32_BIT_CONVERSION = YES;
				GCC_WARN_ABOUT_RETURN_TYPE = YES_ERROR;
				GCC_WARN_UNDECLARED_SELECTOR = YES;
				GCC_WARN_UNINITIALIZED_AUTOS = YES_AGGRESSIVE;
				GCC_WARN_UNUSED_FUNCTION = YES;
				GCC_WARN_UNUSED_VARIABLE = YES;
				IPHONEOS_DEPLOYMENT_TARGET = 17.0;
				LOCALIZATION_PREFERS_STRING_CATALOGS = YES;
				MTL_ENABLE_DEBUG_INFO = INCLUDE_SOURCE;
				MTL_FAST_MATH = YES;
				ONLY_ACTIVE_ARCH = YES;
				SDKROOT = iphoneos;
				SWIFT_ACTIVE_COMPILATION_CONDITIONS = "DEBUG $(inherited)";
				SWIFT_OPTIMIZATION_LEVEL = "-Onone";
			};
			name = Debug;
		};
		B68CE6B22AFBD5ED0047E644 /* Release */ = {
			isa = XCBuildConfiguration;
			buildSettings = {
				ALWAYS_SEARCH_USER_PATHS = NO;
				ASSETCATALOG_COMPILER_GENERATE_SWIFT_ASSET_SYMBOL_EXTENSIONS = YES;
				CLANG_ANALYZER_NONNULL = YES;
				CLANG_ANALYZER_NUMBER_OBJECT_CONVERSION = YES_AGGRESSIVE;
				CLANG_CXX_LANGUAGE_STANDARD = "gnu++20";
				CLANG_ENABLE_MODULES = YES;
				CLANG_ENABLE_OBJC_ARC = YES;
				CLANG_ENABLE_OBJC_WEAK = YES;
				CLANG_WARN_BLOCK_CAPTURE_AUTORELEASING = YES;
				CLANG_WARN_BOOL_CONVERSION = YES;
				CLANG_WARN_COMMA = YES;
				CLANG_WARN_CONSTANT_CONVERSION = YES;
				CLANG_WARN_DEPRECATED_OBJC_IMPLEMENTATIONS = YES;
				CLANG_WARN_DIRECT_OBJC_ISA_USAGE = YES_ERROR;
				CLANG_WARN_DOCUMENTATION_COMMENTS = YES;
				CLANG_WARN_EMPTY_BODY = YES;
				CLANG_WARN_ENUM_CONVERSION = YES;
				CLANG_WARN_INFINITE_RECURSION = YES;
				CLANG_WARN_INT_CONVERSION = YES;
				CLANG_WARN_NON_LITERAL_NULL_CONVERSION = YES;
				CLANG_WARN_OBJC_IMPLICIT_RETAIN_SELF = YES;
				CLANG_WARN_OBJC_LITERAL_CONVERSION = YES;
				CLANG_WARN_OBJC_ROOT_CLASS = YES_ERROR;
				CLANG_WARN_QUOTED_INCLUDE_IN_FRAMEWORK_HEADER = YES;
				CLANG_WARN_RANGE_LOOP_ANALYSIS = YES;
				CLANG_WARN_STRICT_PROTOTYPES = YES;
				CLANG_WARN_SUSPICIOUS_MOVE = YES;
				CLANG_WARN_UNGUARDED_AVAILABILITY = YES_AGGRESSIVE;
				CLANG_WARN_UNREACHABLE_CODE = YES;
				CLANG_WARN__DUPLICATE_METHOD_MATCH = YES;
				COPY_PHASE_STRIP = NO;
				DEBUG_INFORMATION_FORMAT = "dwarf-with-dsym";
				ENABLE_NS_ASSERTIONS = NO;
				ENABLE_STRICT_OBJC_MSGSEND = YES;
				ENABLE_USER_SCRIPT_SANDBOXING = YES;
				GCC_C_LANGUAGE_STANDARD = gnu17;
				GCC_NO_COMMON_BLOCKS = YES;
				GCC_WARN_64_TO_32_BIT_CONVERSION = YES;
				GCC_WARN_ABOUT_RETURN_TYPE = YES_ERROR;
				GCC_WARN_UNDECLARED_SELECTOR = YES;
				GCC_WARN_UNINITIALIZED_AUTOS = YES_AGGRESSIVE;
				GCC_WARN_UNUSED_FUNCTION = YES;
				GCC_WARN_UNUSED_VARIABLE = YES;
				IPHONEOS_DEPLOYMENT_TARGET = 17.0;
				LOCALIZATION_PREFERS_STRING_CATALOGS = YES;
				MTL_ENABLE_DEBUG_INFO = NO;
				MTL_FAST_MATH = YES;
				SDKROOT = iphoneos;
				SWIFT_COMPILATION_MODE = wholemodule;
				VALIDATE_PRODUCT = YES;
			};
			name = Release;
		};
		B68CE6B42AFBD5ED0047E644 /* Debug */ = {
			isa = XCBuildConfiguration;
			buildSettings = {
				ASSETCATALOG_COMPILER_APPICON_NAME = AppIcon;
				ASSETCATALOG_COMPILER_GENERATE_ASSET_SYMBOLS = NO;
				ASSETCATALOG_COMPILER_GLOBAL_ACCENT_COLOR_NAME = AccentColor;
				CODE_SIGN_IDENTITY = "Apple Development";
				CODE_SIGN_STYLE = Automatic;
				CURRENT_PROJECT_VERSION = 2;
				DEVELOPMENT_ASSET_PATHS = "\"TrailerWatchDog/Preview Content\"";
				DEVELOPMENT_TEAM = 7MD84T9WSA;
				ENABLE_PREVIEWS = YES;
				GENERATE_INFOPLIST_FILE = YES;
				INFOPLIST_FILE = TrailerWatchDog/Info.plist;
				INFOPLIST_KEY_NSBluetoothAlwaysUsageDescription = "The app requires Bluetooth access to connect to TWD devices.";
				INFOPLIST_KEY_NSBluetoothPeripheralUsageDescription = "The app requires Bluetooth access to connect to TPMS devices.";
				INFOPLIST_KEY_NSLocationWhenInUseUsageDescription = "The app uses your location to track speed and elevation. ";
				INFOPLIST_KEY_UIApplicationSceneManifest_Generation = YES;
				INFOPLIST_KEY_UIApplicationSupportsIndirectInputEvents = YES;
				INFOPLIST_KEY_UILaunchScreen_Generation = YES;
				INFOPLIST_KEY_UISupportedInterfaceOrientations_iPad = "UIInterfaceOrientationPortrait UIInterfaceOrientationPortraitUpsideDown UIInterfaceOrientationLandscapeLeft UIInterfaceOrientationLandscapeRight";
				INFOPLIST_KEY_UISupportedInterfaceOrientations_iPhone = "UIInterfaceOrientationPortrait UIInterfaceOrientationLandscapeLeft UIInterfaceOrientationLandscapeRight";
				LD_RUNPATH_SEARCH_PATHS = (
					"$(inherited)",
					"@executable_path/Frameworks",
				);
				MARKETING_VERSION = 0.1;
				PRODUCT_BUNDLE_IDENTIFIER = com.trailerwatchdog.trailerwatchdog;
				PRODUCT_NAME = "$(TARGET_NAME)";
				PROVISIONING_PROFILE_SPECIFIER = "";
				SWIFT_EMIT_LOC_STRINGS = YES;
				SWIFT_VERSION = 5.0;
				TARGETED_DEVICE_FAMILY = "1,2";
			};
			name = Debug;
		};
		B68CE6B52AFBD5ED0047E644 /* Release */ = {
			isa = XCBuildConfiguration;
			buildSettings = {
				ASSETCATALOG_COMPILER_APPICON_NAME = AppIcon;
				ASSETCATALOG_COMPILER_GENERATE_ASSET_SYMBOLS = NO;
				ASSETCATALOG_COMPILER_GLOBAL_ACCENT_COLOR_NAME = AccentColor;
				CODE_SIGN_IDENTITY = "Apple Development";
				CODE_SIGN_STYLE = Automatic;
				CURRENT_PROJECT_VERSION = 2;
				DEVELOPMENT_ASSET_PATHS = "\"TrailerWatchDog/Preview Content\"";
				DEVELOPMENT_TEAM = 7MD84T9WSA;
				ENABLE_PREVIEWS = YES;
				GENERATE_INFOPLIST_FILE = YES;
				INFOPLIST_FILE = TrailerWatchDog/Info.plist;
				INFOPLIST_KEY_NSBluetoothAlwaysUsageDescription = "The app requires Bluetooth access to connect to TWD devices.";
				INFOPLIST_KEY_NSBluetoothPeripheralUsageDescription = "The app requires Bluetooth access to connect to TPMS devices.";
				INFOPLIST_KEY_NSLocationWhenInUseUsageDescription = "The app uses your location to track speed and elevation. ";
				INFOPLIST_KEY_UIApplicationSceneManifest_Generation = YES;
				INFOPLIST_KEY_UIApplicationSupportsIndirectInputEvents = YES;
				INFOPLIST_KEY_UILaunchScreen_Generation = YES;
				INFOPLIST_KEY_UISupportedInterfaceOrientations_iPad = "UIInterfaceOrientationPortrait UIInterfaceOrientationPortraitUpsideDown UIInterfaceOrientationLandscapeLeft UIInterfaceOrientationLandscapeRight";
				INFOPLIST_KEY_UISupportedInterfaceOrientations_iPhone = "UIInterfaceOrientationPortrait UIInterfaceOrientationLandscapeLeft UIInterfaceOrientationLandscapeRight";
				LD_RUNPATH_SEARCH_PATHS = (
					"$(inherited)",
					"@executable_path/Frameworks",
				);
				MARKETING_VERSION = 0.1;
				PRODUCT_BUNDLE_IDENTIFIER = com.trailerwatchdog.trailerwatchdog;
				PRODUCT_NAME = "$(TARGET_NAME)";
				PROVISIONING_PROFILE_SPECIFIER = "";
				SWIFT_EMIT_LOC_STRINGS = YES;
				SWIFT_VERSION = 5.0;
				TARGETED_DEVICE_FAMILY = "1,2";
			};
			name = Release;
		};
/* End XCBuildConfiguration section */

/* Begin XCConfigurationList section */
		B68CE6A02AFBD5EB0047E644 /* Build configuration list for PBXProject "TrailerWatchDog" */ = {
			isa = XCConfigurationList;
			buildConfigurations = (
				B68CE6B12AFBD5ED0047E644 /* Debug */,
				B68CE6B22AFBD5ED0047E644 /* Release */,
			);
			defaultConfigurationIsVisible = 0;
			defaultConfigurationName = Release;
		};
		B68CE6B32AFBD5ED0047E644 /* Build configuration list for PBXNativeTarget "TrailerWatchDog" */ = {
			isa = XCConfigurationList;
			buildConfigurations = (
				B68CE6B42AFBD5ED0047E644 /* Debug */,
				B68CE6B52AFBD5ED0047E644 /* Release */,
			);
			defaultConfigurationIsVisible = 0;
			defaultConfigurationName = Release;
		};
/* End XCConfigurationList section */
	};
	rootObject = B68CE69D2AFBD5EB0047E644 /* Project object */;
}
